
Microsoft Visual Studio Solution File, Format Version 12.00
# Visual Studio Version 16
VisualStudioVersion = 16.0.31205.134
MinimumVisualStudioVersion = 10.0.40219.1
Project("{FAE04EC0-301F-11D3-BF4B-00C04F79EFBC}") = "DesktopAppTrouvaille", "DesktopAppTrouvaille.csproj", "{89FE3D14-7D86-4137-908E-B63FF596A540}"
EndProject
Global
	GlobalSection(SolutionConfigurationPlatforms) = preSolution
		Debug|Any CPU = Debug|Any CPU
		Release|Any CPU = Release|Any CPU
	EndGlobalSection
	GlobalSection(ProjectConfigurationPlatforms) = postSolution
		{89FE3D14-7D86-4137-908E-B63FF596A540}.Debug|Any CPU.ActiveCfg = Debug|Any CPU
		{89FE3D14-7D86-4137-908E-B63FF596A540}.Debug|Any CPU.Build.0 = Debug|Any CPU
		{89FE3D14-7D86-4137-908E-B63FF596A540}.Release|Any CPU.ActiveCfg = Release|Any CPU
		{89FE3D14-7D86-4137-908E-B63FF596A540}.Release|Any CPU.Build.0 = Release|Any CPU
	EndGlobalSection
	GlobalSection(SolutionProperties) = preSolution
		HideSolutionNode = FALSE
	EndGlobalSection
	GlobalSection(ExtensibilityGlobals) = postSolution
		SolutionGuid = {C6DC8448-4251-4A4F-8703-618C1FB73938}
	EndGlobalSection
EndGlobal
